
Microsoft Visual Studio Solution File, Format Version 12.00
# Visual Studio Version 16
VisualStudioVersion = 16.0.33027.164
MinimumVisualStudioVersion = 10.0.40219.1
Project("{9A19103F-16F7-4668-BE54-9A1E7A4F7556}") = "Entities", "Entities\Entities.csproj", "{5C7EAE25-120C-4B6E-BB73-F1D93AED3213}"
EndProject
Project("{9A19103F-16F7-4668-BE54-9A1E7A4F7556}") = "DataAccess", "DataAccess\DataAccess.csproj", "{8AE725D1-CF3A-4262-9B02-CD837040ACC1}"
EndProject
Project("{9A19103F-16F7-4668-BE54-9A1E7A4F7556}") = "Business", "Business\Business.csproj", "{D418E231-D1EF-44A5-9BCE-6D5E5F406D5B}"
EndProject
Project("{9A19103F-16F7-4668-BE54-9A1E7A4F7556}") = "ConsoleUI", "ConsoleUI\ConsoleUI.csproj", "{BFBB6A4D-DC4D-4871-91A9-B1C19BE0570D}"
EndProject
Project("{FAE04EC0-301F-11D3-BF4B-00C04F79EFBC}") = "Core", "Core\Core.csproj", "{04503E6A-6741-4FFF-9C6A-5F2FBDE049BC}"
EndProject
Global
	GlobalSection(SolutionConfigurationPlatforms) = preSolution
		Debug|Any CPU = Debug|Any CPU
		Release|Any CPU = Release|Any CPU
	EndGlobalSection
	GlobalSection(ProjectConfigurationPlatforms) = postSolution
		{5C7EAE25-120C-4B6E-BB73-F1D93AED3213}.Debug|Any CPU.ActiveCfg = Debug|Any CPU
		{5C7EAE25-120C-4B6E-BB73-F1D93AED3213}.Debug|Any CPU.Build.0 = Debug|Any CPU
		{5C7EAE25-120C-4B6E-BB73-F1D93AED3213}.Release|Any CPU.ActiveCfg = Release|Any CPU
		{5C7EAE25-120C-4B6E-BB73-F1D93AED3213}.Release|Any CPU.Build.0 = Release|Any CPU
		{8AE725D1-CF3A-4262-9B02-CD837040ACC1}.Debug|Any CPU.ActiveCfg = Debug|Any CPU
		{8AE725D1-CF3A-4262-9B02-CD837040ACC1}.Debug|Any CPU.Build.0 = Debug|Any CPU
		{8AE725D1-CF3A-4262-9B02-CD837040ACC1}.Release|Any CPU.ActiveCfg = Release|Any CPU
		{8AE725D1-CF3A-4262-9B02-CD837040ACC1}.Release|Any CPU.Build.0 = Release|Any CPU
		{D418E231-D1EF-44A5-9BCE-6D5E5F406D5B}.Debug|Any CPU.ActiveCfg = Debug|Any CPU
		{D418E231-D1EF-44A5-9BCE-6D5E5F406D5B}.Debug|Any CPU.Build.0 = Debug|Any CPU
		{D418E231-D1EF-44A5-9BCE-6D5E5F406D5B}.Release|Any CPU.ActiveCfg = Release|Any CPU
		{D418E231-D1EF-44A5-9BCE-6D5E5F406D5B}.Release|Any CPU.Build.0 = Release|Any CPU
		{BFBB6A4D-DC4D-4871-91A9-B1C19BE0570D}.Debug|Any CPU.ActiveCfg = Debug|Any CPU
		{BFBB6A4D-DC4D-4871-91A9-B1C19BE0570D}.Debug|Any CPU.Build.0 = Debug|Any CPU
		{BFBB6A4D-DC4D-4871-91A9-B1C19BE0570D}.Release|Any CPU.ActiveCfg = Release|Any CPU
		{BFBB6A4D-DC4D-4871-91A9-B1C19BE0570D}.Release|Any CPU.Build.0 = Release|Any CPU
		{04503E6A-6741-4FFF-9C6A-5F2FBDE049BC}.Debug|Any CPU.ActiveCfg = Debug|Any CPU
		{04503E6A-6741-4FFF-9C6A-5F2FBDE049BC}.Debug|Any CPU.Build.0 = Debug|Any CPU
		{04503E6A-6741-4FFF-9C6A-5F2FBDE049BC}.Release|Any CPU.ActiveCfg = Release|Any CPU
		{04503E6A-6741-4FFF-9C6A-5F2FBDE049BC}.Release|Any CPU.Build.0 = Release|Any CPU
	EndGlobalSection
	GlobalSection(SolutionProperties) = preSolution
		HideSolutionNode = FALSE
	EndGlobalSection
	GlobalSection(ExtensibilityGlobals) = postSolution
		SolutionGuid = {F60B3E8F-7855-4A4E-B565-9F73ABF9CD67}
	EndGlobalSection
EndGlobal
